
Microsoft Visual Studio Solution File, Format Version 12.00
Project("{FAE04EC0-301F-11D3-BF4B-00C04F79EFBC}") = "Domain", "Domain\Domain.csproj", "{1263504F-799F-42CD-9688-6B25A596E432}"
EndProject
Project("{FAE04EC0-301F-11D3-BF4B-00C04F79EFBC}") = "WebAPI", "WebAPI\WebAPI.csproj", "{368148BC-FA94-4DB6-9D3E-3110B0FF7156}"
EndProject
Project("{FAE04EC0-301F-11D3-BF4B-00C04F79EFBC}") = "Application", "Application\Application.csproj", "{0F2A8444-FA8E-4BB7-A947-CE746C8ABB65}"
EndProject
Project("{FAE04EC0-301F-11D3-BF4B-00C04F79EFBC}") = "FileData", "FileData\FileData.csproj", "{C8CB594A-5C35-4F78-AEFF-5831CBEF5D10}"
EndProject
Project("{FAE04EC0-301F-11D3-BF4B-00C04F79EFBC}") = "HttpClients", "HttpClients\HttpClients.csproj", "{B8FDF265-3717-41CA-9F99-5302C5A9A23E}"
EndProject
Project("{FAE04EC0-301F-11D3-BF4B-00C04F79EFBC}") = "BlazorWasm", "BlazorWasm\BlazorWasm.csproj", "{5180D6DB-FEDF-4188-9D5E-F6515929E72E}"
EndProject
Global
	GlobalSection(SolutionConfigurationPlatforms) = preSolution
		Debug|Any CPU = Debug|Any CPU
		Release|Any CPU = Release|Any CPU
	EndGlobalSection
	GlobalSection(ProjectConfigurationPlatforms) = postSolution
		{1263504F-799F-42CD-9688-6B25A596E432}.Debug|Any CPU.ActiveCfg = Debug|Any CPU
		{1263504F-799F-42CD-9688-6B25A596E432}.Debug|Any CPU.Build.0 = Debug|Any CPU
		{1263504F-799F-42CD-9688-6B25A596E432}.Release|Any CPU.ActiveCfg = Release|Any CPU
		{1263504F-799F-42CD-9688-6B25A596E432}.Release|Any CPU.Build.0 = Release|Any CPU
		{368148BC-FA94-4DB6-9D3E-3110B0FF7156}.Debug|Any CPU.ActiveCfg = Debug|Any CPU
		{368148BC-FA94-4DB6-9D3E-3110B0FF7156}.Debug|Any CPU.Build.0 = Debug|Any CPU
		{368148BC-FA94-4DB6-9D3E-3110B0FF7156}.Release|Any CPU.ActiveCfg = Release|Any CPU
		{368148BC-FA94-4DB6-9D3E-3110B0FF7156}.Release|Any CPU.Build.0 = Release|Any CPU
		{0F2A8444-FA8E-4BB7-A947-CE746C8ABB65}.Debug|Any CPU.ActiveCfg = Debug|Any CPU
		{0F2A8444-FA8E-4BB7-A947-CE746C8ABB65}.Debug|Any CPU.Build.0 = Debug|Any CPU
		{0F2A8444-FA8E-4BB7-A947-CE746C8ABB65}.Release|Any CPU.ActiveCfg = Release|Any CPU
		{0F2A8444-FA8E-4BB7-A947-CE746C8ABB65}.Release|Any CPU.Build.0 = Release|Any CPU
		{C8CB594A-5C35-4F78-AEFF-5831CBEF5D10}.Debug|Any CPU.ActiveCfg = Debug|Any CPU
		{C8CB594A-5C35-4F78-AEFF-5831CBEF5D10}.Debug|Any CPU.Build.0 = Debug|Any CPU
		{C8CB594A-5C35-4F78-AEFF-5831CBEF5D10}.Release|Any CPU.ActiveCfg = Release|Any CPU
		{C8CB594A-5C35-4F78-AEFF-5831CBEF5D10}.Release|Any CPU.Build.0 = Release|Any CPU
		{B8FDF265-3717-41CA-9F99-5302C5A9A23E}.Debug|Any CPU.ActiveCfg = Debug|Any CPU
		{B8FDF265-3717-41CA-9F99-5302C5A9A23E}.Debug|Any CPU.Build.0 = Debug|Any CPU
		{B8FDF265-3717-41CA-9F99-5302C5A9A23E}.Release|Any CPU.ActiveCfg = Release|Any CPU
		{B8FDF265-3717-41CA-9F99-5302C5A9A23E}.Release|Any CPU.Build.0 = Release|Any CPU
		{5180D6DB-FEDF-4188-9D5E-F6515929E72E}.Debug|Any CPU.ActiveCfg = Debug|Any CPU
		{5180D6DB-FEDF-4188-9D5E-F6515929E72E}.Debug|Any CPU.Build.0 = Debug|Any CPU
		{5180D6DB-FEDF-4188-9D5E-F6515929E72E}.Release|Any CPU.ActiveCfg = Release|Any CPU
		{5180D6DB-FEDF-4188-9D5E-F6515929E72E}.Release|Any CPU.Build.0 = Release|Any CPU
	EndGlobalSection
EndGlobal
